{
  "name": "rs-suite-diagram",
  "lockfileVersion": 3,
  "requires": true,
  "packages": {
    "": {
      "name": "rs-suite-diagram",
      "devDependencies": {
        "@viz-js/viz": "3.29.0"
      }
    },
    "node_modules/@viz-js/viz": {
      "version": "3.29.0",
      "resolved": "https://registry.npmjs.org/@viz-js/viz/-/viz-3.29.0.tgz",
      "integrity": "sha512-iq4MTqNCr8pinP4C73JRFx/h2w4QbtHvXINNiPeBv3/C5tSamXwakst6ODlR/l6uh3/SGr7IAGIfSk2qMekiNw==",
      "dev": true,
      "license": "MIT"
    }
  }
}
